
Microsoft Visual Studio Solution File, Format Version 12.00
# Visual Studio 14
VisualStudioVersion = 14.0.25123.0
MinimumVisualStudioVersion = 10.0.40219.1
Project("{FAE04EC0-301F-11D3-BF4B-00C04F79EFBC}") = "Nord.Nganga.Core", "Nord.Nganga.Core\Nord.Nganga.Core.csproj", "{D57B30BF-6E21-4C47-A06C-2155F6C2C8CA}"
EndProject
Project("{FAE04EC0-301F-11D3-BF4B-00C04F79EFBC}") = "Nord.Nganga.Models", "Nord.Nganga.ViewModels\Nord.Nganga.Models.csproj", "{7CCEA467-E8B3-4C22-8420-CF1851C96824}"
EndProject
Project("{FAE04EC0-301F-11D3-BF4B-00C04F79EFBC}") = "Nord.Nganga.StEngine", "Nord.Nganga.StEngine\Nord.Nganga.StEngine.csproj", "{B4BCBB48-B413-4D29-9F74-21C24ECE18CC}"
EndProject
Project("{FAE04EC0-301F-11D3-BF4B-00C04F79EFBC}") = "Nord.Nganga.StEngine.Test", "Nord.Nganga.StEngine.Test\Nord.Nganga.StEngine.Test.csproj", "{A79D810F-0CC4-4B7D-B70A-075DA9E65080}"
EndProject
Project("{FAE04EC0-301F-11D3-BF4B-00C04F79EFBC}") = "Nord.Nganga.Annotations", "Nord.Nganga.Annotations\Nord.Nganga.Annotations.csproj", "{D77415E5-25A4-4CEB-8E08-A2D7B82EB1A9}"
EndProject
Project("{FAE04EC0-301F-11D3-BF4B-00C04F79EFBC}") = "Nord.Nganga.Mappers", "Nord.Nganga.Mappers\Nord.Nganga.Mappers.csproj", "{8AA252AD-CE48-421D-BF83-4A5A7367F968}"
EndProject
Project("{FAE04EC0-301F-11D3-BF4B-00C04F79EFBC}") = "Nord.Nganga.WinApp", "Nord.Nganga.WinApp\Nord.Nganga.WinApp.csproj", "{EBA39752-CAAD-4606-B980-A39AAD3C1C6D}"
EndProject
Project("{FAE04EC0-301F-11D3-BF4B-00C04F79EFBC}") = "Nord.Nganga.WinControls", "Nord.Nganga.WinControls\Nord.Nganga.WinControls.csproj", "{F39A3344-69CD-4C60-87D2-3423ECF39A5D}"
EndProject
Project("{FAE04EC0-301F-11D3-BF4B-00C04F79EFBC}") = "Nord.Nganga.ProjectTemplate", "Nord.Nganga.ProjectTemplate\Nord.Nganga.ProjectTemplate.csproj", "{6CF5E91E-95FE-47E1-A8B4-CAD120AB6B3D}"
EndProject
Project("{FAE04EC0-301F-11D3-BF4B-00C04F79EFBC}") = "Nord.Nganga.ProjectTemplate.Wizard", "Nord.Nganga.ProjectTemplate.Wizard\Nord.Nganga.ProjectTemplate.Wizard.csproj", "{DA234E98-B383-4C0F-AEC6-68C247EE1035}"
EndProject
Project("{FAE04EC0-301F-11D3-BF4B-00C04F79EFBC}") = "Nord.Nganga.TestConsumer", "Nord.Nganga.TestConsumer\Nord.Nganga.TestConsumer.csproj", "{85F06A32-CC64-4F5A-B03F-AA11C8F48C85}"
EndProject
Project("{FAE04EC0-301F-11D3-BF4B-00C04F79EFBC}") = "Nord.Nganga.Fs", "Nord.Nganga.Fs\Nord.Nganga.Fs.csproj", "{D1ED0121-E79E-42B8-81E5-1CFCA011B18D}"
EndProject
Project("{FAE04EC0-301F-11D3-BF4B-00C04F79EFBC}") = "Nord.Nganga.DataTypes", "Nord.Nganga.DataTypes\Nord.Nganga.DataTypes.csproj", "{DB2C0BA3-C238-4A77-A5C8-D4EF8EED3C25}"
EndProject
Project("{FAE04EC0-301F-11D3-BF4B-00C04F79EFBC}") = "Nord.Nganga.Vsix", "Nord.Nganga.Vsix\Nord.Nganga.Vsix.csproj", "{20AE1B73-627E-4A0D-BF4D-5E6D89E3EE88}"
EndProject
Project("{FAE04EC0-301F-11D3-BF4B-00C04F79EFBC}") = "Nord.Nganga.Commands", "Nord.Nganga.Commands\Nord.Nganga.Commands.csproj", "{05BE09F0-7640-405A-A76F-755B6A5B5167}"
EndProject
Project("{2150E333-8FDC-42A3-9474-1A3956D46DE8}") = "Tools", "Tools", "{8A67FEDA-A1B8-44D1-AFB9-846FB775A753}"
	ProjectSection(SolutionItems) = preProject
		Nord.Nganga.Tools\Nord.Nganga.Tools.nuspec = Nord.Nganga.Tools\Nord.Nganga.Tools.nuspec
		Nord.Nganga.Tools\publish.ps1 = Nord.Nganga.Tools\publish.ps1
	EndProjectSection
EndProject
Project("{2150E333-8FDC-42A3-9474-1A3956D46DE8}") = "tools", "tools", "{6B2CA135-BFA4-4846-8719-DFE0C62A6BC9}"
	ProjectSection(SolutionItems) = preProject
		Nord.Nganga.Tools\tools\Init.ps1 = Nord.Nganga.Tools\tools\Init.ps1
		Nord.Nganga.Tools\tools\NgangaInterface.psm1 = Nord.Nganga.Tools\tools\NgangaInterface.psm1
	EndProjectSection
EndProject
Project("{FAE04EC0-301F-11D3-BF4B-00C04F79EFBC}") = "Nord.Nganga.Commands.Test", "Nord.Nganga.Commands.Test\Nord.Nganga.Commands.Test.csproj", "{07A5D767-B2AB-4708-BAC2-233F3EBEF657}"
EndProject
Project("{FAE04EC0-301F-11D3-BF4B-00C04F79EFBC}") = "Nord.Nganga.Support", "Nord.Nganga.Support\Nord.Nganga.Support.csproj", "{D4314CFE-AD9D-4412-BA21-A16A248C32AF}"
EndProject
Global
	GlobalSection(SolutionConfigurationPlatforms) = preSolution
		Debug|Any CPU = Debug|Any CPU
		Release|Any CPU = Release|Any CPU
	EndGlobalSection
	GlobalSection(ProjectConfigurationPlatforms) = postSolution
		{D57B30BF-6E21-4C47-A06C-2155F6C2C8CA}.Debug|Any CPU.ActiveCfg = Debug|Any CPU
		{D57B30BF-6E21-4C47-A06C-2155F6C2C8CA}.Debug|Any CPU.Build.0 = Debug|Any CPU
		{D57B30BF-6E21-4C47-A06C-2155F6C2C8CA}.Release|Any CPU.ActiveCfg = Release|Any CPU
		{D57B30BF-6E21-4C47-A06C-2155F6C2C8CA}.Release|Any CPU.Build.0 = Release|Any CPU
		{7CCEA467-E8B3-4C22-8420-CF1851C96824}.Debug|Any CPU.ActiveCfg = Debug|Any CPU
		{7CCEA467-E8B3-4C22-8420-CF1851C96824}.Debug|Any CPU.Build.0 = Debug|Any CPU
		{7CCEA467-E8B3-4C22-8420-CF1851C96824}.Release|Any CPU.ActiveCfg = Release|Any CPU
		{7CCEA467-E8B3-4C22-8420-CF1851C96824}.Release|Any CPU.Build.0 = Release|Any CPU
		{B4BCBB48-B413-4D29-9F74-21C24ECE18CC}.Debug|Any CPU.ActiveCfg = Debug|Any CPU
		{B4BCBB48-B413-4D29-9F74-21C24ECE18CC}.Debug|Any CPU.Build.0 = Debug|Any CPU
		{B4BCBB48-B413-4D29-9F74-21C24ECE18CC}.Release|Any CPU.ActiveCfg = Release|Any CPU
		{B4BCBB48-B413-4D29-9F74-21C24ECE18CC}.Release|Any CPU.Build.0 = Release|Any CPU
		{A79D810F-0CC4-4B7D-B70A-075DA9E65080}.Debug|Any CPU.ActiveCfg = Debug|Any CPU
		{A79D810F-0CC4-4B7D-B70A-075DA9E65080}.Debug|Any CPU.Build.0 = Debug|Any CPU
		{A79D810F-0CC4-4B7D-B70A-075DA9E65080}.Release|Any CPU.ActiveCfg = Release|Any CPU
		{A79D810F-0CC4-4B7D-B70A-075DA9E65080}.Release|Any CPU.Build.0 = Release|Any CPU
		{D77415E5-25A4-4CEB-8E08-A2D7B82EB1A9}.Debug|Any CPU.ActiveCfg = Debug|Any CPU
		{D77415E5-25A4-4CEB-8E08-A2D7B82EB1A9}.Debug|Any CPU.Build.0 = Debug|Any CPU
		{D77415E5-25A4-4CEB-8E08-A2D7B82EB1A9}.Release|Any CPU.ActiveCfg = Release|Any CPU
		{D77415E5-25A4-4CEB-8E08-A2D7B82EB1A9}.Release|Any CPU.Build.0 = Release|Any CPU
		{8AA252AD-CE48-421D-BF83-4A5A7367F968}.Debug|Any CPU.ActiveCfg = Debug|Any CPU
		{8AA252AD-CE48-421D-BF83-4A5A7367F968}.Debug|Any CPU.Build.0 = Debug|Any CPU
		{8AA252AD-CE48-421D-BF83-4A5A7367F968}.Release|Any CPU.ActiveCfg = Release|Any CPU
		{8AA252AD-CE48-421D-BF83-4A5A7367F968}.Release|Any CPU.Build.0 = Release|Any CPU
		{EBA39752-CAAD-4606-B980-A39AAD3C1C6D}.Debug|Any CPU.ActiveCfg = Debug|Any CPU
		{EBA39752-CAAD-4606-B980-A39AAD3C1C6D}.Debug|Any CPU.Build.0 = Debug|Any CPU
		{EBA39752-CAAD-4606-B980-A39AAD3C1C6D}.Release|Any CPU.ActiveCfg = Release|Any CPU
		{EBA39752-CAAD-4606-B980-A39AAD3C1C6D}.Release|Any CPU.Build.0 = Release|Any CPU
		{F39A3344-69CD-4C60-87D2-3423ECF39A5D}.Debug|Any CPU.ActiveCfg = Debug|Any CPU
		{F39A3344-69CD-4C60-87D2-3423ECF39A5D}.Debug|Any CPU.Build.0 = Debug|Any CPU
		{F39A3344-69CD-4C60-87D2-3423ECF39A5D}.Release|Any CPU.ActiveCfg = Release|Any CPU
		{F39A3344-69CD-4C60-87D2-3423ECF39A5D}.Release|Any CPU.Build.0 = Release|Any CPU
		{6CF5E91E-95FE-47E1-A8B4-CAD120AB6B3D}.Debug|Any CPU.ActiveCfg = Debug|Any CPU
		{6CF5E91E-95FE-47E1-A8B4-CAD120AB6B3D}.Debug|Any CPU.Build.0 = Debug|Any CPU
		{6CF5E91E-95FE-47E1-A8B4-CAD120AB6B3D}.Release|Any CPU.ActiveCfg = Release|Any CPU
		{6CF5E91E-95FE-47E1-A8B4-CAD120AB6B3D}.Release|Any CPU.Build.0 = Release|Any CPU
		{DA234E98-B383-4C0F-AEC6-68C247EE1035}.Debug|Any CPU.ActiveCfg = Debug|Any CPU
		{DA234E98-B383-4C0F-AEC6-68C247EE1035}.Release|Any CPU.ActiveCfg = Release|Any CPU
		{DA234E98-B383-4C0F-AEC6-68C247EE1035}.Release|Any CPU.Build.0 = Release|Any CPU
		{85F06A32-CC64-4F5A-B03F-AA11C8F48C85}.Debug|Any CPU.ActiveCfg = Debug|Any CPU
		{85F06A32-CC64-4F5A-B03F-AA11C8F48C85}.Debug|Any CPU.Build.0 = Debug|Any CPU
		{85F06A32-CC64-4F5A-B03F-AA11C8F48C85}.Release|Any CPU.ActiveCfg = Release|Any CPU
		{85F06A32-CC64-4F5A-B03F-AA11C8F48C85}.Release|Any CPU.Build.0 = Release|Any CPU
		{D1ED0121-E79E-42B8-81E5-1CFCA011B18D}.Debug|Any CPU.ActiveCfg = Debug|Any CPU
		{D1ED0121-E79E-42B8-81E5-1CFCA011B18D}.Debug|Any CPU.Build.0 = Debug|Any CPU
		{D1ED0121-E79E-42B8-81E5-1CFCA011B18D}.Release|Any CPU.ActiveCfg = Release|Any CPU
		{D1ED0121-E79E-42B8-81E5-1CFCA011B18D}.Release|Any CPU.Build.0 = Release|Any CPU
		{DB2C0BA3-C238-4A77-A5C8-D4EF8EED3C25}.Debug|Any CPU.ActiveCfg = Debug|Any CPU
		{DB2C0BA3-C238-4A77-A5C8-D4EF8EED3C25}.Debug|Any CPU.Build.0 = Debug|Any CPU
		{DB2C0BA3-C238-4A77-A5C8-D4EF8EED3C25}.Release|Any CPU.ActiveCfg = Release|Any CPU
		{DB2C0BA3-C238-4A77-A5C8-D4EF8EED3C25}.Release|Any CPU.Build.0 = Release|Any CPU
		{20AE1B73-627E-4A0D-BF4D-5E6D89E3EE88}.Debug|Any CPU.ActiveCfg = Debug|Any CPU
		{20AE1B73-627E-4A0D-BF4D-5E6D89E3EE88}.Debug|Any CPU.Build.0 = Debug|Any CPU
		{20AE1B73-627E-4A0D-BF4D-5E6D89E3EE88}.Release|Any CPU.ActiveCfg = Release|Any CPU
		{20AE1B73-627E-4A0D-BF4D-5E6D89E3EE88}.Release|Any CPU.Build.0 = Release|Any CPU
		{05BE09F0-7640-405A-A76F-755B6A5B5167}.Debug|Any CPU.ActiveCfg = Debug|Any CPU
		{05BE09F0-7640-405A-A76F-755B6A5B5167}.Debug|Any CPU.Build.0 = Debug|Any CPU
		{05BE09F0-7640-405A-A76F-755B6A5B5167}.Release|Any CPU.ActiveCfg = Release|Any CPU
		{05BE09F0-7640-405A-A76F-755B6A5B5167}.Release|Any CPU.Build.0 = Release|Any CPU
		{07A5D767-B2AB-4708-BAC2-233F3EBEF657}.Debug|Any CPU.ActiveCfg = Debug|Any CPU
		{07A5D767-B2AB-4708-BAC2-233F3EBEF657}.Debug|Any CPU.Build.0 = Debug|Any CPU
		{07A5D767-B2AB-4708-BAC2-233F3EBEF657}.Release|Any CPU.ActiveCfg = Release|Any CPU
		{07A5D767-B2AB-4708-BAC2-233F3EBEF657}.Release|Any CPU.Build.0 = Release|Any CPU
		{D4314CFE-AD9D-4412-BA21-A16A248C32AF}.Debug|Any CPU.ActiveCfg = Debug|Any CPU
		{D4314CFE-AD9D-4412-BA21-A16A248C32AF}.Debug|Any CPU.Build.0 = Debug|Any CPU
		{D4314CFE-AD9D-4412-BA21-A16A248C32AF}.Release|Any CPU.ActiveCfg = Release|Any CPU
		{D4314CFE-AD9D-4412-BA21-A16A248C32AF}.Release|Any CPU.Build.0 = Release|Any CPU
	EndGlobalSection
	GlobalSection(SolutionProperties) = preSolution
		HideSolutionNode = FALSE
	EndGlobalSection
	GlobalSection(NestedProjects) = preSolution
		{6B2CA135-BFA4-4846-8719-DFE0C62A6BC9} = {8A67FEDA-A1B8-44D1-AFB9-846FB775A753}
	EndGlobalSection
EndGlobal
