
Microsoft Visual Studio Solution File, Format Version 12.00
# Visual Studio 2013
VisualStudioVersion = 12.0.31101.0
MinimumVisualStudioVersion = 10.0.40219.1
Project("{FAE04EC0-301F-11D3-BF4B-00C04F79EFBC}") = "Nord.AngularUiGen.Annotations", "Nord.AngularUiGen.Annotations\Nord.AngularUiGen.Annotations.csproj", "{D653CB9B-920B-451B-9EEF-EBBA3837BA29}"
EndProject
Project("{FAE04EC0-301F-11D3-BF4B-00C04F79EFBC}") = "Nord.AngularUiGen.Engine", "Nord.AngularUiGen.Engine\Nord.AngularUiGen.Engine.csproj", "{4E18C771-32C8-4EDF-B119-7346D0036C08}"
EndProject
Project("{FAE04EC0-301F-11D3-BF4B-00C04F79EFBC}") = "Nord.AngularUiGen.Model", "Nord.AngularUiGen.Model\Nord.AngularUiGen.Model.csproj", "{B947A943-0036-4EE9-B6CB-F301B1E40CBC}"
EndProject
Project("{FAE04EC0-301F-11D3-BF4B-00C04F79EFBC}") = "Nord.AngularUiGen.WinApp", "Nord.AngularUiGen.WinApp\Nord.AngularUiGen.WinApp.csproj", "{09D11907-D46E-4B57-A5E0-4100B400D71A}"
EndProject
Project("{FAE04EC0-301F-11D3-BF4B-00C04F79EFBC}") = "Nord.AngularUiGen.WinControls", "Nord.AngularUiGen.WinControls\Nord.AngularUiGen.WinControls.csproj", "{66C141CB-69B0-4D49-B372-D0D33D5384E7}"
EndProject
Global
	GlobalSection(SolutionConfigurationPlatforms) = preSolution
		Debug|Any CPU = Debug|Any CPU
		Release|Any CPU = Release|Any CPU
	EndGlobalSection
	GlobalSection(ProjectConfigurationPlatforms) = postSolution
		{D653CB9B-920B-451B-9EEF-EBBA3837BA29}.Debug|Any CPU.ActiveCfg = Debug|Any CPU
		{D653CB9B-920B-451B-9EEF-EBBA3837BA29}.Debug|Any CPU.Build.0 = Debug|Any CPU
		{D653CB9B-920B-451B-9EEF-EBBA3837BA29}.Release|Any CPU.ActiveCfg = Release|Any CPU
		{D653CB9B-920B-451B-9EEF-EBBA3837BA29}.Release|Any CPU.Build.0 = Release|Any CPU
		{4E18C771-32C8-4EDF-B119-7346D0036C08}.Debug|Any CPU.ActiveCfg = Debug|Any CPU
		{4E18C771-32C8-4EDF-B119-7346D0036C08}.Debug|Any CPU.Build.0 = Debug|Any CPU
		{4E18C771-32C8-4EDF-B119-7346D0036C08}.Release|Any CPU.ActiveCfg = Release|Any CPU
		{4E18C771-32C8-4EDF-B119-7346D0036C08}.Release|Any CPU.Build.0 = Release|Any CPU
		{B947A943-0036-4EE9-B6CB-F301B1E40CBC}.Debug|Any CPU.ActiveCfg = Debug|Any CPU
		{B947A943-0036-4EE9-B6CB-F301B1E40CBC}.Debug|Any CPU.Build.0 = Debug|Any CPU
		{B947A943-0036-4EE9-B6CB-F301B1E40CBC}.Release|Any CPU.ActiveCfg = Release|Any CPU
		{B947A943-0036-4EE9-B6CB-F301B1E40CBC}.Release|Any CPU.Build.0 = Release|Any CPU
		{09D11907-D46E-4B57-A5E0-4100B400D71A}.Debug|Any CPU.ActiveCfg = Debug|Any CPU
		{09D11907-D46E-4B57-A5E0-4100B400D71A}.Debug|Any CPU.Build.0 = Debug|Any CPU
		{09D11907-D46E-4B57-A5E0-4100B400D71A}.Release|Any CPU.ActiveCfg = Release|Any CPU
		{09D11907-D46E-4B57-A5E0-4100B400D71A}.Release|Any CPU.Build.0 = Release|Any CPU
		{66C141CB-69B0-4D49-B372-D0D33D5384E7}.Debug|Any CPU.ActiveCfg = Debug|Any CPU
		{66C141CB-69B0-4D49-B372-D0D33D5384E7}.Debug|Any CPU.Build.0 = Debug|Any CPU
		{66C141CB-69B0-4D49-B372-D0D33D5384E7}.Release|Any CPU.ActiveCfg = Release|Any CPU
		{66C141CB-69B0-4D49-B372-D0D33D5384E7}.Release|Any CPU.Build.0 = Release|Any CPU
	EndGlobalSection
	GlobalSection(SolutionProperties) = preSolution
		HideSolutionNode = FALSE
	EndGlobalSection
EndGlobal
